// !$*UTF8*$!
{
	archiveVersion = 1;
	classes = {
	};
	objectVersion = 55;
	objects = {

/* Begin PBXBuildFile section */
		4B1E9B1529293E0600F1A623 /* Satoshi-Bold.otf in Resources */ = {isa = PBXBuildFile; fileRef = 4B1E9B0B29293E0600F1A623 /* Satoshi-Bold.otf */; };
		4B1E9B1629293E0600F1A623 /* Satoshi-Italic.otf in Resources */ = {isa = PBXBuildFile; fileRef = 4B1E9B0C29293E0600F1A623 /* Satoshi-Italic.otf */; };
		4B1E9B1729293E0600F1A623 /* Satoshi-Black.otf in Resources */ = {isa = PBXBuildFile; fileRef = 4B1E9B0D29293E0600F1A623 /* Satoshi-Black.otf */; };
		4B1E9B1829293E0600F1A623 /* Satoshi-Regular.otf in Resources */ = {isa = PBXBuildFile; fileRef = 4B1E9B0E29293E0600F1A623 /* Satoshi-Regular.otf */; };
		4B1E9B1929293E0600F1A623 /* Satoshi-BoldItalic.otf in Resources */ = {isa = PBXBuildFile; fileRef = 4B1E9B0F29293E0600F1A623 /* Satoshi-BoldItalic.otf */; };
		4B1E9B1A29293E0600F1A623 /* Satoshi-Light.otf in Resources */ = {isa = PBXBuildFile; fileRef = 4B1E9B1029293E0600F1A623 /* Satoshi-Light.otf */; };
		4B1E9B1B29293E0600F1A623 /* Satoshi-LightItalic.otf in Resources */ = {isa = PBXBuildFile; fileRef = 4B1E9B1129293E0600F1A623 /* Satoshi-LightItalic.otf */; };
		4B1E9B1C29293E0600F1A623 /* Satoshi-BlackItalic.otf in Resources */ = {isa = PBXBuildFile; fileRef = 4B1E9B1229293E0600F1A623 /* Satoshi-BlackItalic.otf */; };
		4B1E9B1D29293E0600F1A623 /* Satoshi-MediumItalic.otf in Resources */ = {isa = PBXBuildFile; fileRef = 4B1E9B1329293E0600F1A623 /* Satoshi-MediumItalic.otf */; };
		4B1E9B1E29293E0600F1A623 /* Satoshi-Medium.otf in Resources */ = {isa = PBXBuildFile; fileRef = 4B1E9B1429293E0600F1A623 /* Satoshi-Medium.otf */; };
		4B1E9B212929400C00F1A623 /* Fonts.swift in Sources */ = {isa = PBXBuildFile; fileRef = 4B1E9B202929400C00F1A623 /* Fonts.swift */; };
		4B1E9B26292A868C00F1A623 /* LogoView.swift in Sources */ = {isa = PBXBuildFile; fileRef = 4B1E9B25292A868C00F1A623 /* LogoView.swift */; };
		4B1E9B28292A995900F1A623 /* OnboardingButtonSectionView.swift in Sources */ = {isa = PBXBuildFile; fileRef = 4B1E9B27292A995900F1A623 /* OnboardingButtonSectionView.swift */; };
		4B22A6D12926235D002376A9 /* ComposableArchitecture in Frameworks */ = {isa = PBXBuildFile; productRef = 4B22A6D02926235D002376A9 /* ComposableArchitecture */; };
		4B22A6DB29262A19002376A9 /* Account.swift in Sources */ = {isa = PBXBuildFile; fileRef = 4B22A6DA29262A19002376A9 /* Account.swift */; };
		4B22A6DE29262A72002376A9 /* AccountEntity.swift in Sources */ = {isa = PBXBuildFile; fileRef = 4B22A6DD29262A72002376A9 /* AccountEntity.swift */; };
		4B22A6E129262BA3002376A9 /* OAuthModel.swift in Sources */ = {isa = PBXBuildFile; fileRef = 4B22A6E029262BA3002376A9 /* OAuthModel.swift */; };
		4B22A6E429262DA2002376A9 /* Logging in Frameworks */ = {isa = PBXBuildFile; productRef = 4B22A6E329262DA2002376A9 /* Logging */; };
		4B22A6E629262E17002376A9 /* Log.swift in Sources */ = {isa = PBXBuildFile; fileRef = 4B22A6E529262E17002376A9 /* Log.swift */; };
		4B40E3182927940400EA2842 /* OnboardingView.swift in Sources */ = {isa = PBXBuildFile; fileRef = 4B40E3172927940400EA2842 /* OnboardingView.swift */; };
		4B40E31E292794B200EA2842 /* Onboarding.swift in Sources */ = {isa = PBXBuildFile; fileRef = 4B40E31D292794B200EA2842 /* Onboarding.swift */; };
		4B5C24AA29279F9600A24F06 /* OnboardingStore.swift in Sources */ = {isa = PBXBuildFile; fileRef = 4B5C24A929279F9600A24F06 /* OnboardingStore.swift */; };
		4B6207812916E25F008DB76B /* Assets.swift in Sources */ = {isa = PBXBuildFile; fileRef = 4B6207802916E25F008DB76B /* Assets.swift */; };
		4B6207852916E48F008DB76B /* Localizable.strings in Resources */ = {isa = PBXBuildFile; fileRef = 4B6207872916E48F008DB76B /* Localizable.strings */; };
		4B62078C2916E52D008DB76B /* Strings.swift in Sources */ = {isa = PBXBuildFile; fileRef = 4B62078B2916E52D008DB76B /* Strings.swift */; };
		4BBEA627290FE99200F6991C /* sigma_podcasts_iosApp.swift in Sources */ = {isa = PBXBuildFile; fileRef = 4BBEA626290FE99200F6991C /* sigma_podcasts_iosApp.swift */; };
		4BBEA629290FE99200F6991C /* ContentView.swift in Sources */ = {isa = PBXBuildFile; fileRef = 4BBEA628290FE99200F6991C /* ContentView.swift */; };
		4BBEA62B290FE99500F6991C /* Colors.xcassets in Resources */ = {isa = PBXBuildFile; fileRef = 4BBEA62A290FE99500F6991C /* Colors.xcassets */; };
		4BBEA62E290FE99500F6991C /* Preview Assets.xcassets in Resources */ = {isa = PBXBuildFile; fileRef = 4BBEA62D290FE99500F6991C /* Preview Assets.xcassets */; };
		4BBEA638290FE99500F6991C /* sigma_podcasts_iosTests.swift in Sources */ = {isa = PBXBuildFile; fileRef = 4BBEA637290FE99500F6991C /* sigma_podcasts_iosTests.swift */; };
		4BBEA642290FE99500F6991C /* sigma_podcasts_iosUITests.swift in Sources */ = {isa = PBXBuildFile; fileRef = 4BBEA641290FE99500F6991C /* sigma_podcasts_iosUITests.swift */; };
		4BBEA644290FE99500F6991C /* sigma_podcasts_iosUITestsLaunchTests.swift in Sources */ = {isa = PBXBuildFile; fileRef = 4BBEA643290FE99500F6991C /* sigma_podcasts_iosUITestsLaunchTests.swift */; };
		4BDA62822917952D00DA9141 /* PermissionsSwiftUIMusic in Frameworks */ = {isa = PBXBuildFile; productRef = 4BDA62812917952D00DA9141 /* PermissionsSwiftUIMusic */; };
		4BDA62842917952D00DA9141 /* PermissionsSwiftUINotification in Frameworks */ = {isa = PBXBuildFile; productRef = 4BDA62832917952D00DA9141 /* PermissionsSwiftUINotification */; };
		4BDF0C8C29281A6D004845DD /* OnboardingCurvePath.swift in Sources */ = {isa = PBXBuildFile; fileRef = 4BDF0C8B29281A6D004845DD /* OnboardingCurvePath.swift */; };
		4BDF0C8F29281B36004845DD /* View+Extensions.swift in Sources */ = {isa = PBXBuildFile; fileRef = 4BDF0C8E29281B36004845DD /* View+Extensions.swift */; };
		4BF422F929192427004EE255 /* Images.xcassets in Resources */ = {isa = PBXBuildFile; fileRef = 4BF422F829192427004EE255 /* Images.xcassets */; };
/* End PBXBuildFile section */

/* Begin PBXContainerItemProxy section */
		4BBEA634290FE99500F6991C /* PBXContainerItemProxy */ = {
			isa = PBXContainerItemProxy;
			containerPortal = 4BBEA61B290FE99200F6991C /* Project object */;
			proxyType = 1;
			remoteGlobalIDString = 4BBEA622290FE99200F6991C;
			remoteInfo = "sigma-podcasts-ios";
		};
		4BBEA63E290FE99500F6991C /* PBXContainerItemProxy */ = {
			isa = PBXContainerItemProxy;
			containerPortal = 4BBEA61B290FE99200F6991C /* Project object */;
			proxyType = 1;
			remoteGlobalIDString = 4BBEA622290FE99200F6991C;
			remoteInfo = "sigma-podcasts-ios";
		};
/* End PBXContainerItemProxy section */

/* Begin PBXFileReference section */
		4B1E9B0B29293E0600F1A623 /* Satoshi-Bold.otf */ = {isa = PBXFileReference; lastKnownFileType = file; path = "Satoshi-Bold.otf"; sourceTree = "<group>"; };
		4B1E9B0C29293E0600F1A623 /* Satoshi-Italic.otf */ = {isa = PBXFileReference; lastKnownFileType = file; path = "Satoshi-Italic.otf"; sourceTree = "<group>"; };
		4B1E9B0D29293E0600F1A623 /* Satoshi-Black.otf */ = {isa = PBXFileReference; lastKnownFileType = file; path = "Satoshi-Black.otf"; sourceTree = "<group>"; };
		4B1E9B0E29293E0600F1A623 /* Satoshi-Regular.otf */ = {isa = PBXFileReference; lastKnownFileType = file; path = "Satoshi-Regular.otf"; sourceTree = "<group>"; };
		4B1E9B0F29293E0600F1A623 /* Satoshi-BoldItalic.otf */ = {isa = PBXFileReference; lastKnownFileType = file; path = "Satoshi-BoldItalic.otf"; sourceTree = "<group>"; };
		4B1E9B1029293E0600F1A623 /* Satoshi-Light.otf */ = {isa = PBXFileReference; lastKnownFileType = file; path = "Satoshi-Light.otf"; sourceTree = "<group>"; };
		4B1E9B1129293E0600F1A623 /* Satoshi-LightItalic.otf */ = {isa = PBXFileReference; lastKnownFileType = file; path = "Satoshi-LightItalic.otf"; sourceTree = "<group>"; };
		4B1E9B1229293E0600F1A623 /* Satoshi-BlackItalic.otf */ = {isa = PBXFileReference; lastKnownFileType = file; path = "Satoshi-BlackItalic.otf"; sourceTree = "<group>"; };
		4B1E9B1329293E0600F1A623 /* Satoshi-MediumItalic.otf */ = {isa = PBXFileReference; lastKnownFileType = file; path = "Satoshi-MediumItalic.otf"; sourceTree = "<group>"; };
		4B1E9B1429293E0600F1A623 /* Satoshi-Medium.otf */ = {isa = PBXFileReference; lastKnownFileType = file; path = "Satoshi-Medium.otf"; sourceTree = "<group>"; };
		4B1E9B1F29293E7000F1A623 /* Info.plist */ = {isa = PBXFileReference; lastKnownFileType = text.plist; path = Info.plist; sourceTree = "<group>"; };
		4B1E9B202929400C00F1A623 /* Fonts.swift */ = {isa = PBXFileReference; lastKnownFileType = sourcecode.swift; path = Fonts.swift; sourceTree = "<group>"; };
		4B1E9B25292A868C00F1A623 /* LogoView.swift */ = {isa = PBXFileReference; lastKnownFileType = sourcecode.swift; path = LogoView.swift; sourceTree = "<group>"; };
		4B1E9B27292A995900F1A623 /* OnboardingButtonSectionView.swift */ = {isa = PBXFileReference; lastKnownFileType = sourcecode.swift; path = OnboardingButtonSectionView.swift; sourceTree = "<group>"; };
		4B22A6DA29262A19002376A9 /* Account.swift */ = {isa = PBXFileReference; lastKnownFileType = sourcecode.swift; path = Account.swift; sourceTree = "<group>"; };
		4B22A6DD29262A72002376A9 /* AccountEntity.swift */ = {isa = PBXFileReference; lastKnownFileType = sourcecode.swift; path = AccountEntity.swift; sourceTree = "<group>"; };
		4B22A6E029262BA3002376A9 /* OAuthModel.swift */ = {isa = PBXFileReference; lastKnownFileType = sourcecode.swift; path = OAuthModel.swift; sourceTree = "<group>"; };
		4B22A6E529262E17002376A9 /* Log.swift */ = {isa = PBXFileReference; lastKnownFileType = sourcecode.swift; path = Log.swift; sourceTree = "<group>"; };
		4B40E3172927940400EA2842 /* OnboardingView.swift */ = {isa = PBXFileReference; lastKnownFileType = sourcecode.swift; path = OnboardingView.swift; sourceTree = "<group>"; };
		4B40E31D292794B200EA2842 /* Onboarding.swift */ = {isa = PBXFileReference; lastKnownFileType = sourcecode.swift; path = Onboarding.swift; sourceTree = "<group>"; };
		4B5C24A929279F9600A24F06 /* OnboardingStore.swift */ = {isa = PBXFileReference; lastKnownFileType = sourcecode.swift; path = OnboardingStore.swift; sourceTree = "<group>"; };
		4B6207802916E25F008DB76B /* Assets.swift */ = {isa = PBXFileReference; lastKnownFileType = sourcecode.swift; path = Assets.swift; sourceTree = "<group>"; };
		4B6207862916E48F008DB76B /* en */ = {isa = PBXFileReference; lastKnownFileType = text.plist.strings; name = en; path = en.lproj/Localizable.strings; sourceTree = "<group>"; };
		4B6207882916E493008DB76B /* ru */ = {isa = PBXFileReference; lastKnownFileType = text.plist.strings; name = ru; path = ru.lproj/Localizable.strings; sourceTree = "<group>"; };
		4B62078B2916E52D008DB76B /* Strings.swift */ = {isa = PBXFileReference; fileEncoding = 4; lastKnownFileType = sourcecode.swift; path = Strings.swift; sourceTree = "<group>"; };
		4BBEA623290FE99200F6991C /* sigma-podcasts-ios.app */ = {isa = PBXFileReference; explicitFileType = wrapper.application; includeInIndex = 0; path = "sigma-podcasts-ios.app"; sourceTree = BUILT_PRODUCTS_DIR; };
		4BBEA626290FE99200F6991C /* sigma_podcasts_iosApp.swift */ = {isa = PBXFileReference; lastKnownFileType = sourcecode.swift; path = sigma_podcasts_iosApp.swift; sourceTree = "<group>"; };
		4BBEA628290FE99200F6991C /* ContentView.swift */ = {isa = PBXFileReference; lastKnownFileType = sourcecode.swift; path = ContentView.swift; sourceTree = "<group>"; };
		4BBEA62A290FE99500F6991C /* Colors.xcassets */ = {isa = PBXFileReference; lastKnownFileType = folder.assetcatalog; path = Colors.xcassets; sourceTree = "<group>"; };
		4BBEA62D290FE99500F6991C /* Preview Assets.xcassets */ = {isa = PBXFileReference; lastKnownFileType = folder.assetcatalog; path = "Preview Assets.xcassets"; sourceTree = "<group>"; };
		4BBEA633290FE99500F6991C /* sigma-podcasts-iosTests.xctest */ = {isa = PBXFileReference; explicitFileType = wrapper.cfbundle; includeInIndex = 0; path = "sigma-podcasts-iosTests.xctest"; sourceTree = BUILT_PRODUCTS_DIR; };
		4BBEA637290FE99500F6991C /* sigma_podcasts_iosTests.swift */ = {isa = PBXFileReference; lastKnownFileType = sourcecode.swift; path = sigma_podcasts_iosTests.swift; sourceTree = "<group>"; };
		4BBEA63D290FE99500F6991C /* sigma-podcasts-iosUITests.xctest */ = {isa = PBXFileReference; explicitFileType = wrapper.cfbundle; includeInIndex = 0; path = "sigma-podcasts-iosUITests.xctest"; sourceTree = BUILT_PRODUCTS_DIR; };
		4BBEA641290FE99500F6991C /* sigma_podcasts_iosUITests.swift */ = {isa = PBXFileReference; lastKnownFileType = sourcecode.swift; path = sigma_podcasts_iosUITests.swift; sourceTree = "<group>"; };
		4BBEA643290FE99500F6991C /* sigma_podcasts_iosUITestsLaunchTests.swift */ = {isa = PBXFileReference; lastKnownFileType = sourcecode.swift; path = sigma_podcasts_iosUITestsLaunchTests.swift; sourceTree = "<group>"; };
		4BDF0C8B29281A6D004845DD /* OnboardingCurvePath.swift */ = {isa = PBXFileReference; lastKnownFileType = sourcecode.swift; path = OnboardingCurvePath.swift; sourceTree = "<group>"; };
		4BDF0C8E29281B36004845DD /* View+Extensions.swift */ = {isa = PBXFileReference; lastKnownFileType = sourcecode.swift; path = "View+Extensions.swift"; sourceTree = "<group>"; };
		4BF422F829192427004EE255 /* Images.xcassets */ = {isa = PBXFileReference; lastKnownFileType = folder.assetcatalog; path = Images.xcassets; sourceTree = "<group>"; };
/* End PBXFileReference section */

/* Begin PBXFrameworksBuildPhase section */
		4BBEA620290FE99200F6991C /* Frameworks */ = {
			isa = PBXFrameworksBuildPhase;
			buildActionMask = 2147483647;
			files = (
				4BDA62842917952D00DA9141 /* PermissionsSwiftUINotification in Frameworks */,
				4BDA62822917952D00DA9141 /* PermissionsSwiftUIMusic in Frameworks */,
				4B22A6E429262DA2002376A9 /* Logging in Frameworks */,
				4B22A6D12926235D002376A9 /* ComposableArchitecture in Frameworks */,
			);
			runOnlyForDeploymentPostprocessing = 0;
		};
		4BBEA630290FE99500F6991C /* Frameworks */ = {
			isa = PBXFrameworksBuildPhase;
			buildActionMask = 2147483647;
			files = (
			);
			runOnlyForDeploymentPostprocessing = 0;
		};
		4BBEA63A290FE99500F6991C /* Frameworks */ = {
			isa = PBXFrameworksBuildPhase;
			buildActionMask = 2147483647;
			files = (
			);
			runOnlyForDeploymentPostprocessing = 0;
		};
/* End PBXFrameworksBuildPhase section */

/* Begin PBXGroup section */
		4B16ACBC2927B1F20001D877 /* Views */ = {
			isa = PBXGroup;
			children = (
				4BDF0C8B29281A6D004845DD /* OnboardingCurvePath.swift */,
				4B1E9B27292A995900F1A623 /* OnboardingButtonSectionView.swift */,
			);
			path = Views;
			sourceTree = "<group>";
		};
		4B1E9B0A29293E0600F1A623 /* Fonts */ = {
			isa = PBXGroup;
			children = (
				4B1E9B0B29293E0600F1A623 /* Satoshi-Bold.otf */,
				4B1E9B0C29293E0600F1A623 /* Satoshi-Italic.otf */,
				4B1E9B0D29293E0600F1A623 /* Satoshi-Black.otf */,
				4B1E9B0E29293E0600F1A623 /* Satoshi-Regular.otf */,
				4B1E9B0F29293E0600F1A623 /* Satoshi-BoldItalic.otf */,
				4B1E9B1029293E0600F1A623 /* Satoshi-Light.otf */,
				4B1E9B1129293E0600F1A623 /* Satoshi-LightItalic.otf */,
				4B1E9B1229293E0600F1A623 /* Satoshi-BlackItalic.otf */,
				4B1E9B1329293E0600F1A623 /* Satoshi-MediumItalic.otf */,
				4B1E9B1429293E0600F1A623 /* Satoshi-Medium.otf */,
			);
			path = Fonts;
			sourceTree = "<group>";
		};
		4B1E9B22292A867300F1A623 /* Common */ = {
			isa = PBXGroup;
			children = (
				4B1E9B25292A868C00F1A623 /* LogoView.swift */,
			);
			path = Common;
			sourceTree = "<group>";
		};
		4B22A6D2292623E9002376A9 /* User Stories */ = {
			isa = PBXGroup;
			children = (
				4B1E9B22292A867300F1A623 /* Common */,
				4B22A6D6292624B6002376A9 /* Unauthorized area */,
			);
			path = "User Stories";
			sourceTree = "<group>";
		};
		4B22A6D429262405002376A9 /* Launch */ = {
			isa = PBXGroup;
			children = (
				4BBEA628290FE99200F6991C /* ContentView.swift */,
				4BBEA626290FE99200F6991C /* sigma_podcasts_iosApp.swift */,
			);
			path = Launch;
			sourceTree = "<group>";
		};
		4B22A6D529262434002376A9 /* Core */ = {
			isa = PBXGroup;
			children = (
				4BDF0C8D29281B2C004845DD /* Extensions */,
				4B22A6DF29262AF6002376A9 /* Models */,
				4B22A6DC29262A68002376A9 /* Entities */,
				4B22A6D7292628D3002376A9 /* Global */,
				4B22A6E529262E17002376A9 /* Log.swift */,
			);
			path = Core;
			sourceTree = "<group>";
		};
		4B22A6D6292624B6002376A9 /* Unauthorized area */ = {
			isa = PBXGroup;
			children = (
				4B40E3192927940C00EA2842 /* Onboarding */,
			);
			path = "Unauthorized area";
			sourceTree = "<group>";
		};
		4B22A6D7292628D3002376A9 /* Global */ = {
			isa = PBXGroup;
			children = (
				4B22A6DA29262A19002376A9 /* Account.swift */,
			);
			path = Global;
			sourceTree = "<group>";
		};
		4B22A6DC29262A68002376A9 /* Entities */ = {
			isa = PBXGroup;
			children = (
				4B22A6DD29262A72002376A9 /* AccountEntity.swift */,
			);
			path = Entities;
			sourceTree = "<group>";
		};
		4B22A6DF29262AF6002376A9 /* Models */ = {
			isa = PBXGroup;
			children = (
				4B22A6E029262BA3002376A9 /* OAuthModel.swift */,
			);
			path = Models;
			sourceTree = "<group>";
		};
		4B40E3192927940C00EA2842 /* Onboarding */ = {
			isa = PBXGroup;
			children = (
				4B16ACBC2927B1F20001D877 /* Views */,
				4B40E31A2927949600EA2842 /* Flux */,
				4B40E3172927940400EA2842 /* OnboardingView.swift */,
			);
			path = Onboarding;
			sourceTree = "<group>";
		};
		4B40E31A2927949600EA2842 /* Flux */ = {
			isa = PBXGroup;
			children = (
				4B40E31D292794B200EA2842 /* Onboarding.swift */,
				4B5C24A929279F9600A24F06 /* OnboardingStore.swift */,
			);
			path = Flux;
			sourceTree = "<group>";
		};
		4B62077B2916E121008DB76B /* Resources */ = {
			isa = PBXGroup;
			children = (
				4B1E9B0A29293E0600F1A623 /* Fonts */,
				4B6207822916E46E008DB76B /* Localizable */,
				4BBEA62A290FE99500F6991C /* Colors.xcassets */,
				4BBEA62C290FE99500F6991C /* Preview Content */,
				4B62077C2916E139008DB76B /* Generated */,
				4BF422F829192427004EE255 /* Images.xcassets */,
			);
			path = Resources;
			sourceTree = "<group>";
		};
		4B62077C2916E139008DB76B /* Generated */ = {
			isa = PBXGroup;
			children = (
				4B62078B2916E52D008DB76B /* Strings.swift */,
				4B6207802916E25F008DB76B /* Assets.swift */,
				4B1E9B202929400C00F1A623 /* Fonts.swift */,
			);
			path = Generated;
			sourceTree = "<group>";
		};
		4B6207822916E46E008DB76B /* Localizable */ = {
			isa = PBXGroup;
			children = (
				4B6207872916E48F008DB76B /* Localizable.strings */,
			);
			path = Localizable;
			sourceTree = "<group>";
		};
		4BBEA61A290FE99200F6991C = {
			isa = PBXGroup;
			children = (
				4BBEA625290FE99200F6991C /* sigma-podcasts-ios */,
				4BBEA636290FE99500F6991C /* sigma-podcasts-iosTests */,
				4BBEA640290FE99500F6991C /* sigma-podcasts-iosUITests */,
				4BBEA624290FE99200F6991C /* Products */,
			);
			sourceTree = "<group>";
		};
		4BBEA624290FE99200F6991C /* Products */ = {
			isa = PBXGroup;
			children = (
				4BBEA623290FE99200F6991C /* sigma-podcasts-ios.app */,
				4BBEA633290FE99500F6991C /* sigma-podcasts-iosTests.xctest */,
				4BBEA63D290FE99500F6991C /* sigma-podcasts-iosUITests.xctest */,
			);
			name = Products;
			sourceTree = "<group>";
		};
		4BBEA625290FE99200F6991C /* sigma-podcasts-ios */ = {
			isa = PBXGroup;
			children = (
				4B1E9B1F29293E7000F1A623 /* Info.plist */,
				4B22A6D529262434002376A9 /* Core */,
				4B22A6D429262405002376A9 /* Launch */,
				4B22A6D2292623E9002376A9 /* User Stories */,
				4B62077B2916E121008DB76B /* Resources */,
			);
			path = "sigma-podcasts-ios";
			sourceTree = "<group>";
		};
		4BBEA62C290FE99500F6991C /* Preview Content */ = {
			isa = PBXGroup;
			children = (
				4BBEA62D290FE99500F6991C /* Preview Assets.xcassets */,
			);
			path = "Preview Content";
			sourceTree = "<group>";
		};
		4BBEA636290FE99500F6991C /* sigma-podcasts-iosTests */ = {
			isa = PBXGroup;
			children = (
				4BBEA637290FE99500F6991C /* sigma_podcasts_iosTests.swift */,
			);
			path = "sigma-podcasts-iosTests";
			sourceTree = "<group>";
		};
		4BBEA640290FE99500F6991C /* sigma-podcasts-iosUITests */ = {
			isa = PBXGroup;
			children = (
				4BBEA641290FE99500F6991C /* sigma_podcasts_iosUITests.swift */,
				4BBEA643290FE99500F6991C /* sigma_podcasts_iosUITestsLaunchTests.swift */,
			);
			path = "sigma-podcasts-iosUITests";
			sourceTree = "<group>";
		};
		4BDF0C8D29281B2C004845DD /* Extensions */ = {
			isa = PBXGroup;
			children = (
				4BDF0C8E29281B36004845DD /* View+Extensions.swift */,
			);
			path = Extensions;
			sourceTree = "<group>";
		};
/* End PBXGroup section */

/* Begin PBXNativeTarget section */
		4BBEA622290FE99200F6991C /* sigma-podcasts-ios */ = {
			isa = PBXNativeTarget;
			buildConfigurationList = 4BBEA647290FE99500F6991C /* Build configuration list for PBXNativeTarget "sigma-podcasts-ios" */;
			buildPhases = (
				4B62077A2916D7FE008DB76B /* SwiftGen */,
				4BBEA61F290FE99200F6991C /* Sources */,
				4BBEA620290FE99200F6991C /* Frameworks */,
				4BBEA621290FE99200F6991C /* Resources */,
			);
			buildRules = (
			);
			dependencies = (
			);
			name = "sigma-podcasts-ios";
			packageProductDependencies = (
				4BDA62812917952D00DA9141 /* PermissionsSwiftUIMusic */,
				4BDA62832917952D00DA9141 /* PermissionsSwiftUINotification */,
				4B22A6D02926235D002376A9 /* ComposableArchitecture */,
				4B22A6E329262DA2002376A9 /* Logging */,
			);
			productName = "sigma-podcasts-ios";
			productReference = 4BBEA623290FE99200F6991C /* sigma-podcasts-ios.app */;
			productType = "com.apple.product-type.application";
		};
		4BBEA632290FE99500F6991C /* sigma-podcasts-iosTests */ = {
			isa = PBXNativeTarget;
			buildConfigurationList = 4BBEA64A290FE99500F6991C /* Build configuration list for PBXNativeTarget "sigma-podcasts-iosTests" */;
			buildPhases = (
				4BBEA62F290FE99500F6991C /* Sources */,
				4BBEA630290FE99500F6991C /* Frameworks */,
				4BBEA631290FE99500F6991C /* Resources */,
			);
			buildRules = (
			);
			dependencies = (
				4BBEA635290FE99500F6991C /* PBXTargetDependency */,
			);
			name = "sigma-podcasts-iosTests";
			productName = "sigma-podcasts-iosTests";
			productReference = 4BBEA633290FE99500F6991C /* sigma-podcasts-iosTests.xctest */;
			productType = "com.apple.product-type.bundle.unit-test";
		};
		4BBEA63C290FE99500F6991C /* sigma-podcasts-iosUITests */ = {
			isa = PBXNativeTarget;
			buildConfigurationList = 4BBEA64D290FE99500F6991C /* Build configuration list for PBXNativeTarget "sigma-podcasts-iosUITests" */;
			buildPhases = (
				4BBEA639290FE99500F6991C /* Sources */,
				4BBEA63A290FE99500F6991C /* Frameworks */,
				4BBEA63B290FE99500F6991C /* Resources */,
			);
			buildRules = (
			);
			dependencies = (
				4BBEA63F290FE99500F6991C /* PBXTargetDependency */,
			);
			name = "sigma-podcasts-iosUITests";
			productName = "sigma-podcasts-iosUITests";
			productReference = 4BBEA63D290FE99500F6991C /* sigma-podcasts-iosUITests.xctest */;
			productType = "com.apple.product-type.bundle.ui-testing";
		};
/* End PBXNativeTarget section */

/* Begin PBXProject section */
		4BBEA61B290FE99200F6991C /* Project object */ = {
			isa = PBXProject;
			attributes = {
				BuildIndependentTargetsInParallel = 1;
				LastSwiftUpdateCheck = 1340;
				LastUpgradeCheck = 1340;
				TargetAttributes = {
					4BBEA622290FE99200F6991C = {
						CreatedOnToolsVersion = 13.4.1;
					};
					4BBEA632290FE99500F6991C = {
						CreatedOnToolsVersion = 13.4.1;
						TestTargetID = 4BBEA622290FE99200F6991C;
					};
					4BBEA63C290FE99500F6991C = {
						CreatedOnToolsVersion = 13.4.1;
						TestTargetID = 4BBEA622290FE99200F6991C;
					};
				};
			};
			buildConfigurationList = 4BBEA61E290FE99200F6991C /* Build configuration list for PBXProject "sigma-podcasts-ios" */;
			compatibilityVersion = "Xcode 13.0";
			developmentRegion = en;
			hasScannedForEncodings = 0;
			knownRegions = (
				en,
				ru,
			);
			mainGroup = 4BBEA61A290FE99200F6991C;
			packageReferences = (
				4BDA62802917952D00DA9141 /* XCRemoteSwiftPackageReference "PermissionsSwiftUI" */,
				4B22A6CF2926235D002376A9 /* XCRemoteSwiftPackageReference "swift-composable-architecture" */,
				4B22A6E229262DA2002376A9 /* XCRemoteSwiftPackageReference "swift-log" */,
			);
			productRefGroup = 4BBEA624290FE99200F6991C /* Products */;
			projectDirPath = "";
			projectRoot = "";
			targets = (
				4BBEA622290FE99200F6991C /* sigma-podcasts-ios */,
				4BBEA632290FE99500F6991C /* sigma-podcasts-iosTests */,
				4BBEA63C290FE99500F6991C /* sigma-podcasts-iosUITests */,
			);
		};
/* End PBXProject section */

/* Begin PBXResourcesBuildPhase section */
		4BBEA621290FE99200F6991C /* Resources */ = {
			isa = PBXResourcesBuildPhase;
			buildActionMask = 2147483647;
			files = (
				4B6207852916E48F008DB76B /* Localizable.strings in Resources */,
				4B1E9B1C29293E0600F1A623 /* Satoshi-BlackItalic.otf in Resources */,
				4B1E9B1E29293E0600F1A623 /* Satoshi-Medium.otf in Resources */,
				4BF422F929192427004EE255 /* Images.xcassets in Resources */,
				4B1E9B1929293E0600F1A623 /* Satoshi-BoldItalic.otf in Resources */,
				4B1E9B1B29293E0600F1A623 /* Satoshi-LightItalic.otf in Resources */,
				4BBEA62E290FE99500F6991C /* Preview Assets.xcassets in Resources */,
				4B1E9B1729293E0600F1A623 /* Satoshi-Black.otf in Resources */,
				4B1E9B1829293E0600F1A623 /* Satoshi-Regular.otf in Resources */,
				4B1E9B1529293E0600F1A623 /* Satoshi-Bold.otf in Resources */,
				4BBEA62B290FE99500F6991C /* Colors.xcassets in Resources */,
				4B1E9B1A29293E0600F1A623 /* Satoshi-Light.otf in Resources */,
				4B1E9B1629293E0600F1A623 /* Satoshi-Italic.otf in Resources */,
				4B1E9B1D29293E0600F1A623 /* Satoshi-MediumItalic.otf in Resources */,
			);
			runOnlyForDeploymentPostprocessing = 0;
		};
		4BBEA631290FE99500F6991C /* Resources */ = {
			isa = PBXResourcesBuildPhase;
			buildActionMask = 2147483647;
			files = (
			);
			runOnlyForDeploymentPostprocessing = 0;
		};
		4BBEA63B290FE99500F6991C /* Resources */ = {
			isa = PBXResourcesBuildPhase;
			buildActionMask = 2147483647;
			files = (
			);
			runOnlyForDeploymentPostprocessing = 0;
		};
/* End PBXResourcesBuildPhase section */

/* Begin PBXShellScriptBuildPhase section */
		4B62077A2916D7FE008DB76B /* SwiftGen */ = {
			isa = PBXShellScriptBuildPhase;
			alwaysOutOfDate = 1;
			buildActionMask = 2147483647;
			files = (
			);
			inputFileListPaths = (
			);
			inputPaths = (
			);
			name = SwiftGen;
			outputFileListPaths = (
			);
			outputPaths = (
			);
			runOnlyForDeploymentPostprocessing = 0;
			shellPath = /bin/sh;
			shellScript = "sh swiftgen_run.sh\n";
		};
/* End PBXShellScriptBuildPhase section */

/* Begin PBXSourcesBuildPhase section */
		4BBEA61F290FE99200F6991C /* Sources */ = {
			isa = PBXSourcesBuildPhase;
			buildActionMask = 2147483647;
			files = (
				4B1E9B212929400C00F1A623 /* Fonts.swift in Sources */,
				4B22A6E129262BA3002376A9 /* OAuthModel.swift in Sources */,
				4B22A6DB29262A19002376A9 /* Account.swift in Sources */,
				4B1E9B28292A995900F1A623 /* OnboardingButtonSectionView.swift in Sources */,
				4B40E31E292794B200EA2842 /* Onboarding.swift in Sources */,
				4BBEA629290FE99200F6991C /* ContentView.swift in Sources */,
				4B40E3182927940400EA2842 /* OnboardingView.swift in Sources */,
				4BDF0C8C29281A6D004845DD /* OnboardingCurvePath.swift in Sources */,
				4BBEA627290FE99200F6991C /* sigma_podcasts_iosApp.swift in Sources */,
				4B5C24AA29279F9600A24F06 /* OnboardingStore.swift in Sources */,
				4B62078C2916E52D008DB76B /* Strings.swift in Sources */,
				4B1E9B26292A868C00F1A623 /* LogoView.swift in Sources */,
				4BDF0C8F29281B36004845DD /* View+Extensions.swift in Sources */,
				4B22A6DE29262A72002376A9 /* AccountEntity.swift in Sources */,
				4B22A6E629262E17002376A9 /* Log.swift in Sources */,
				4B6207812916E25F008DB76B /* Assets.swift in Sources */,
			);
			runOnlyForDeploymentPostprocessing = 0;
		};
		4BBEA62F290FE99500F6991C /* Sources */ = {
			isa = PBXSourcesBuildPhase;
			buildActionMask = 2147483647;
			files = (
				4BBEA638290FE99500F6991C /* sigma_podcasts_iosTests.swift in Sources */,
			);
			runOnlyForDeploymentPostprocessing = 0;
		};
		4BBEA639290FE99500F6991C /* Sources */ = {
			isa = PBXSourcesBuildPhase;
			buildActionMask = 2147483647;
			files = (
				4BBEA642290FE99500F6991C /* sigma_podcasts_iosUITests.swift in Sources */,
				4BBEA644290FE99500F6991C /* sigma_podcasts_iosUITestsLaunchTests.swift in Sources */,
			);
			runOnlyForDeploymentPostprocessing = 0;
		};
/* End PBXSourcesBuildPhase section */

/* Begin PBXTargetDependency section */
		4BBEA635290FE99500F6991C /* PBXTargetDependency */ = {
			isa = PBXTargetDependency;
			target = 4BBEA622290FE99200F6991C /* sigma-podcasts-ios */;
			targetProxy = 4BBEA634290FE99500F6991C /* PBXContainerItemProxy */;
		};
		4BBEA63F290FE99500F6991C /* PBXTargetDependency */ = {
			isa = PBXTargetDependency;
			target = 4BBEA622290FE99200F6991C /* sigma-podcasts-ios */;
			targetProxy = 4BBEA63E290FE99500F6991C /* PBXContainerItemProxy */;
		};
/* End PBXTargetDependency section */

/* Begin PBXVariantGroup section */
		4B6207872916E48F008DB76B /* Localizable.strings */ = {
			isa = PBXVariantGroup;
			children = (
				4B6207862916E48F008DB76B /* en */,
				4B6207882916E493008DB76B /* ru */,
			);
			name = Localizable.strings;
			sourceTree = "<group>";
		};
/* End PBXVariantGroup section */

/* Begin XCBuildConfiguration section */
		4BBEA645290FE99500F6991C /* Debug */ = {
			isa = XCBuildConfiguration;
			buildSettings = {
				ALWAYS_SEARCH_USER_PATHS = NO;
				CLANG_ANALYZER_NONNULL = YES;
				CLANG_ANALYZER_NUMBER_OBJECT_CONVERSION = YES_AGGRESSIVE;
				CLANG_CXX_LANGUAGE_STANDARD = "gnu++17";
				CLANG_ENABLE_MODULES = YES;
				CLANG_ENABLE_OBJC_ARC = YES;
				CLANG_ENABLE_OBJC_WEAK = YES;
				CLANG_WARN_BLOCK_CAPTURE_AUTORELEASING = YES;
				CLANG_WARN_BOOL_CONVERSION = YES;
				CLANG_WARN_COMMA = YES;
				CLANG_WARN_CONSTANT_CONVERSION = YES;
				CLANG_WARN_DEPRECATED_OBJC_IMPLEMENTATIONS = YES;
				CLANG_WARN_DIRECT_OBJC_ISA_USAGE = YES_ERROR;
				CLANG_WARN_DOCUMENTATION_COMMENTS = YES;
				CLANG_WARN_EMPTY_BODY = YES;
				CLANG_WARN_ENUM_CONVERSION = YES;
				CLANG_WARN_INFINITE_RECURSION = YES;
				CLANG_WARN_INT_CONVERSION = YES;
				CLANG_WARN_NON_LITERAL_NULL_CONVERSION = YES;
				CLANG_WARN_OBJC_IMPLICIT_RETAIN_SELF = YES;
				CLANG_WARN_OBJC_LITERAL_CONVERSION = YES;
				CLANG_WARN_OBJC_ROOT_CLASS = YES_ERROR;
				CLANG_WARN_QUOTED_INCLUDE_IN_FRAMEWORK_HEADER = YES;
				CLANG_WARN_RANGE_LOOP_ANALYSIS = YES;
				CLANG_WARN_STRICT_PROTOTYPES = YES;
				CLANG_WARN_SUSPICIOUS_MOVE = YES;
				CLANG_WARN_UNGUARDED_AVAILABILITY = YES_AGGRESSIVE;
				CLANG_WARN_UNREACHABLE_CODE = YES;
				CLANG_WARN__DUPLICATE_METHOD_MATCH = YES;
				COPY_PHASE_STRIP = NO;
				DEBUG_INFORMATION_FORMAT = dwarf;
				ENABLE_STRICT_OBJC_MSGSEND = YES;
				ENABLE_TESTABILITY = YES;
				GCC_C_LANGUAGE_STANDARD = gnu11;
				GCC_DYNAMIC_NO_PIC = NO;
				GCC_NO_COMMON_BLOCKS = YES;
				GCC_OPTIMIZATION_LEVEL = 0;
				GCC_PREPROCESSOR_DEFINITIONS = (
					"DEBUG=1",
					"$(inherited)",
				);
				GCC_WARN_64_TO_32_BIT_CONVERSION = YES;
				GCC_WARN_ABOUT_RETURN_TYPE = YES_ERROR;
				GCC_WARN_UNDECLARED_SELECTOR = YES;
				GCC_WARN_UNINITIALIZED_AUTOS = YES_AGGRESSIVE;
				GCC_WARN_UNUSED_FUNCTION = YES;
				GCC_WARN_UNUSED_VARIABLE = YES;
				IPHONEOS_DEPLOYMENT_TARGET = 15.5;
				MTL_ENABLE_DEBUG_INFO = INCLUDE_SOURCE;
				MTL_FAST_MATH = YES;
				ONLY_ACTIVE_ARCH = YES;
				SDKROOT = iphoneos;
				SWIFT_ACTIVE_COMPILATION_CONDITIONS = DEBUG;
				SWIFT_OPTIMIZATION_LEVEL = "-Onone";
			};
			name = Debug;
		};
		4BBEA646290FE99500F6991C /* Release */ = {
			isa = XCBuildConfiguration;
			buildSettings = {
				ALWAYS_SEARCH_USER_PATHS = NO;
				CLANG_ANALYZER_NONNULL = YES;
				CLANG_ANALYZER_NUMBER_OBJECT_CONVERSION = YES_AGGRESSIVE;
				CLANG_CXX_LANGUAGE_STANDARD = "gnu++17";
				CLANG_ENABLE_MODULES = YES;
				CLANG_ENABLE_OBJC_ARC = YES;
				CLANG_ENABLE_OBJC_WEAK = YES;
				CLANG_WARN_BLOCK_CAPTURE_AUTORELEASING = YES;
				CLANG_WARN_BOOL_CONVERSION = YES;
				CLANG_WARN_COMMA = YES;
				CLANG_WARN_CONSTANT_CONVERSION = YES;
				CLANG_WARN_DEPRECATED_OBJC_IMPLEMENTATIONS = YES;
				CLANG_WARN_DIRECT_OBJC_ISA_USAGE = YES_ERROR;
				CLANG_WARN_DOCUMENTATION_COMMENTS = YES;
				CLANG_WARN_EMPTY_BODY = YES;
				CLANG_WARN_ENUM_CONVERSION = YES;
				CLANG_WARN_INFINITE_RECURSION = YES;
				CLANG_WARN_INT_CONVERSION = YES;
				CLANG_WARN_NON_LITERAL_NULL_CONVERSION = YES;
				CLANG_WARN_OBJC_IMPLICIT_RETAIN_SELF = YES;
				CLANG_WARN_OBJC_LITERAL_CONVERSION = YES;
				CLANG_WARN_OBJC_ROOT_CLASS = YES_ERROR;
				CLANG_WARN_QUOTED_INCLUDE_IN_FRAMEWORK_HEADER = YES;
				CLANG_WARN_RANGE_LOOP_ANALYSIS = YES;
				CLANG_WARN_STRICT_PROTOTYPES = YES;
				CLANG_WARN_SUSPICIOUS_MOVE = YES;
				CLANG_WARN_UNGUARDED_AVAILABILITY = YES_AGGRESSIVE;
				CLANG_WARN_UNREACHABLE_CODE = YES;
				CLANG_WARN__DUPLICATE_METHOD_MATCH = YES;
				COPY_PHASE_STRIP = NO;
				DEBUG_INFORMATION_FORMAT = "dwarf-with-dsym";
				ENABLE_NS_ASSERTIONS = NO;
				ENABLE_STRICT_OBJC_MSGSEND = YES;
				GCC_C_LANGUAGE_STANDARD = gnu11;
				GCC_NO_COMMON_BLOCKS = YES;
				GCC_WARN_64_TO_32_BIT_CONVERSION = YES;
				GCC_WARN_ABOUT_RETURN_TYPE = YES_ERROR;
				GCC_WARN_UNDECLARED_SELECTOR = YES;
				GCC_WARN_UNINITIALIZED_AUTOS = YES_AGGRESSIVE;
				GCC_WARN_UNUSED_FUNCTION = YES;
				GCC_WARN_UNUSED_VARIABLE = YES;
				IPHONEOS_DEPLOYMENT_TARGET = 15.5;
				MTL_ENABLE_DEBUG_INFO = NO;
				MTL_FAST_MATH = YES;
				SDKROOT = iphoneos;
				SWIFT_COMPILATION_MODE = wholemodule;
				SWIFT_OPTIMIZATION_LEVEL = "-O";
				VALIDATE_PRODUCT = YES;
			};
			name = Release;
		};
		4BBEA648290FE99500F6991C /* Debug */ = {
			isa = XCBuildConfiguration;
			buildSettings = {
				ASSETCATALOG_COMPILER_APPICON_NAME = AppIcon;
				ASSETCATALOG_COMPILER_GLOBAL_ACCENT_COLOR_NAME = AccentColor;
				CODE_SIGN_IDENTITY = "Apple Development";
				CODE_SIGN_STYLE = Automatic;
				CURRENT_PROJECT_VERSION = 1;
				DEVELOPMENT_ASSET_PATHS = "\"sigma-podcasts-ios/Resources/Preview Content\"";
				DEVELOPMENT_TEAM = "";
				ENABLE_PREVIEWS = YES;
				GENERATE_INFOPLIST_FILE = YES;
				INFOPLIST_FILE = "sigma-podcasts-ios/Info.plist";
				INFOPLIST_KEY_UIApplicationSceneManifest_Generation = YES;
				INFOPLIST_KEY_UIApplicationSupportsIndirectInputEvents = YES;
				INFOPLIST_KEY_UILaunchScreen_Generation = YES;
				INFOPLIST_KEY_UISupportedInterfaceOrientations_iPad = "UIInterfaceOrientationPortrait UIInterfaceOrientationPortraitUpsideDown UIInterfaceOrientationLandscapeLeft UIInterfaceOrientationLandscapeRight";
				INFOPLIST_KEY_UISupportedInterfaceOrientations_iPhone = UIInterfaceOrientationPortrait;
				IPHONEOS_DEPLOYMENT_TARGET = 14.0;
				LD_RUNPATH_SEARCH_PATHS = (
					"$(inherited)",
					"@executable_path/Frameworks",
				);
				MARKETING_VERSION = 0.1.0;
				PRODUCT_BUNDLE_IDENTIFIER = "com.sigma-podcasts-ios";
				PRODUCT_NAME = "$(TARGET_NAME)";
				PROVISIONING_PROFILE_SPECIFIER = "";
				SWIFT_EMIT_LOC_STRINGS = YES;
				SWIFT_VERSION = 5.0;
				TARGETED_DEVICE_FAMILY = "1,2";
			};
			name = Debug;
		};
		4BBEA649290FE99500F6991C /* Release */ = {
			isa = XCBuildConfiguration;
			buildSettings = {
				ASSETCATALOG_COMPILER_APPICON_NAME = AppIcon;
				ASSETCATALOG_COMPILER_GLOBAL_ACCENT_COLOR_NAME = AccentColor;
				CODE_SIGN_IDENTITY = "Apple Development";
				CODE_SIGN_STYLE = Automatic;
				CURRENT_PROJECT_VERSION = 1;
				DEVELOPMENT_ASSET_PATHS = "\"sigma-podcasts-ios/Resources/Preview Content\"";
				DEVELOPMENT_TEAM = "";
				ENABLE_PREVIEWS = YES;
				GENERATE_INFOPLIST_FILE = YES;
				INFOPLIST_FILE = "sigma-podcasts-ios/Info.plist";
				INFOPLIST_KEY_UIApplicationSceneManifest_Generation = YES;
				INFOPLIST_KEY_UIApplicationSupportsIndirectInputEvents = YES;
				INFOPLIST_KEY_UILaunchScreen_Generation = YES;
				INFOPLIST_KEY_UISupportedInterfaceOrientations_iPad = "UIInterfaceOrientationPortrait UIInterfaceOrientationPortraitUpsideDown UIInterfaceOrientationLandscapeLeft UIInterfaceOrientationLandscapeRight";
				INFOPLIST_KEY_UISupportedInterfaceOrientations_iPhone = UIInterfaceOrientationPortrait;
				IPHONEOS_DEPLOYMENT_TARGET = 14.0;
				LD_RUNPATH_SEARCH_PATHS = (
					"$(inherited)",
					"@executable_path/Frameworks",
				);
				MARKETING_VERSION = 0.1.0;
				PRODUCT_BUNDLE_IDENTIFIER = "com.sigma-podcasts-ios";
				PRODUCT_NAME = "$(TARGET_NAME)";
				PROVISIONING_PROFILE_SPECIFIER = "";
				SWIFT_EMIT_LOC_STRINGS = YES;
				SWIFT_VERSION = 5.0;
				TARGETED_DEVICE_FAMILY = "1,2";
			};
			name = Release;
		};
		4BBEA64B290FE99500F6991C /* Debug */ = {
			isa = XCBuildConfiguration;
			buildSettings = {
				ALWAYS_EMBED_SWIFT_STANDARD_LIBRARIES = YES;
				BUNDLE_LOADER = "$(TEST_HOST)";
				CODE_SIGN_STYLE = Automatic;
				CURRENT_PROJECT_VERSION = 1;
				GENERATE_INFOPLIST_FILE = YES;
				IPHONEOS_DEPLOYMENT_TARGET = 15.5;
				MARKETING_VERSION = 1.0;
				PRODUCT_BUNDLE_IDENTIFIER = "com.sigma-podcasts-iosTests";
				PRODUCT_NAME = "$(TARGET_NAME)";
				SWIFT_EMIT_LOC_STRINGS = NO;
				SWIFT_VERSION = 5.0;
				TARGETED_DEVICE_FAMILY = "1,2";
				TEST_HOST = "$(BUILT_PRODUCTS_DIR)/sigma-podcasts-ios.app/sigma-podcasts-ios";
			};
			name = Debug;
		};
		4BBEA64C290FE99500F6991C /* Release */ = {
			isa = XCBuildConfiguration;
			buildSettings = {
				ALWAYS_EMBED_SWIFT_STANDARD_LIBRARIES = YES;
				BUNDLE_LOADER = "$(TEST_HOST)";
				CODE_SIGN_STYLE = Automatic;
				CURRENT_PROJECT_VERSION = 1;
				GENERATE_INFOPLIST_FILE = YES;
				IPHONEOS_DEPLOYMENT_TARGET = 15.5;
				MARKETING_VERSION = 1.0;
				PRODUCT_BUNDLE_IDENTIFIER = "com.sigma-podcasts-iosTests";
				PRODUCT_NAME = "$(TARGET_NAME)";
				SWIFT_EMIT_LOC_STRINGS = NO;
				SWIFT_VERSION = 5.0;
				TARGETED_DEVICE_FAMILY = "1,2";
				TEST_HOST = "$(BUILT_PRODUCTS_DIR)/sigma-podcasts-ios.app/sigma-podcasts-ios";
			};
			name = Release;
		};
		4BBEA64E290FE99500F6991C /* Debug */ = {
			isa = XCBuildConfiguration;
			buildSettings = {
				ALWAYS_EMBED_SWIFT_STANDARD_LIBRARIES = YES;
				CODE_SIGN_STYLE = Automatic;
				CURRENT_PROJECT_VERSION = 1;
				GENERATE_INFOPLIST_FILE = YES;
				MARKETING_VERSION = 1.0;
				PRODUCT_BUNDLE_IDENTIFIER = "com.sigma-podcasts-iosUITests";
				PRODUCT_NAME = "$(TARGET_NAME)";
				SWIFT_EMIT_LOC_STRINGS = NO;
				SWIFT_VERSION = 5.0;
				TARGETED_DEVICE_FAMILY = "1,2";
				TEST_TARGET_NAME = "sigma-podcasts-ios";
			};
			name = Debug;
		};
		4BBEA64F290FE99500F6991C /* Release */ = {
			isa = XCBuildConfiguration;
			buildSettings = {
				ALWAYS_EMBED_SWIFT_STANDARD_LIBRARIES = YES;
				CODE_SIGN_STYLE = Automatic;
				CURRENT_PROJECT_VERSION = 1;
				GENERATE_INFOPLIST_FILE = YES;
				MARKETING_VERSION = 1.0;
				PRODUCT_BUNDLE_IDENTIFIER = "com.sigma-podcasts-iosUITests";
				PRODUCT_NAME = "$(TARGET_NAME)";
				SWIFT_EMIT_LOC_STRINGS = NO;
				SWIFT_VERSION = 5.0;
				TARGETED_DEVICE_FAMILY = "1,2";
				TEST_TARGET_NAME = "sigma-podcasts-ios";
			};
			name = Release;
		};
/* End XCBuildConfiguration section */

/* Begin XCConfigurationList section */
		4BBEA61E290FE99200F6991C /* Build configuration list for PBXProject "sigma-podcasts-ios" */ = {
			isa = XCConfigurationList;
			buildConfigurations = (
				4BBEA645290FE99500F6991C /* Debug */,
				4BBEA646290FE99500F6991C /* Release */,
			);
			defaultConfigurationIsVisible = 0;
			defaultConfigurationName = Release;
		};
		4BBEA647290FE99500F6991C /* Build configuration list for PBXNativeTarget "sigma-podcasts-ios" */ = {
			isa = XCConfigurationList;
			buildConfigurations = (
				4BBEA648290FE99500F6991C /* Debug */,
				4BBEA649290FE99500F6991C /* Release */,
			);
			defaultConfigurationIsVisible = 0;
			defaultConfigurationName = Release;
		};
		4BBEA64A290FE99500F6991C /* Build configuration list for PBXNativeTarget "sigma-podcasts-iosTests" */ = {
			isa = XCConfigurationList;
			buildConfigurations = (
				4BBEA64B290FE99500F6991C /* Debug */,
				4BBEA64C290FE99500F6991C /* Release */,
			);
			defaultConfigurationIsVisible = 0;
			defaultConfigurationName = Release;
		};
		4BBEA64D290FE99500F6991C /* Build configuration list for PBXNativeTarget "sigma-podcasts-iosUITests" */ = {
			isa = XCConfigurationList;
			buildConfigurations = (
				4BBEA64E290FE99500F6991C /* Debug */,
				4BBEA64F290FE99500F6991C /* Release */,
			);
			defaultConfigurationIsVisible = 0;
			defaultConfigurationName = Release;
		};
/* End XCConfigurationList section */

/* Begin XCRemoteSwiftPackageReference section */
		4B22A6CF2926235D002376A9 /* XCRemoteSwiftPackageReference "swift-composable-architecture" */ = {
			isa = XCRemoteSwiftPackageReference;
			repositoryURL = "https://github.com/pointfreeco/swift-composable-architecture.git";
			requirement = {
				kind = upToNextMajorVersion;
				minimumVersion = 0.4.6;
			};
		};
		4B22A6E229262DA2002376A9 /* XCRemoteSwiftPackageReference "swift-log" */ = {
			isa = XCRemoteSwiftPackageReference;
			repositoryURL = "https://github.com/apple/swift-log.git";
			requirement = {
				kind = upToNextMajorVersion;
				minimumVersion = 1.0.0;
			};
		};
		4BDA62802917952D00DA9141 /* XCRemoteSwiftPackageReference "PermissionsSwiftUI" */ = {
			isa = XCRemoteSwiftPackageReference;
			repositoryURL = "https://github.com/jevonmao/PermissionsSwiftUI";
			requirement = {
				kind = upToNextMajorVersion;
				minimumVersion = 1.5.6;
			};
		};
/* End XCRemoteSwiftPackageReference section */

/* Begin XCSwiftPackageProductDependency section */
		4B22A6D02926235D002376A9 /* ComposableArchitecture */ = {
			isa = XCSwiftPackageProductDependency;
			package = 4B22A6CF2926235D002376A9 /* XCRemoteSwiftPackageReference "swift-composable-architecture" */;
			productName = ComposableArchitecture;
		};
		4B22A6E329262DA2002376A9 /* Logging */ = {
			isa = XCSwiftPackageProductDependency;
			package = 4B22A6E229262DA2002376A9 /* XCRemoteSwiftPackageReference "swift-log" */;
			productName = Logging;
		};
		4BDA62812917952D00DA9141 /* PermissionsSwiftUIMusic */ = {
			isa = XCSwiftPackageProductDependency;
			package = 4BDA62802917952D00DA9141 /* XCRemoteSwiftPackageReference "PermissionsSwiftUI" */;
			productName = PermissionsSwiftUIMusic;
		};
		4BDA62832917952D00DA9141 /* PermissionsSwiftUINotification */ = {
			isa = XCSwiftPackageProductDependency;
			package = 4BDA62802917952D00DA9141 /* XCRemoteSwiftPackageReference "PermissionsSwiftUI" */;
			productName = PermissionsSwiftUINotification;
		};
/* End XCSwiftPackageProductDependency section */
	};
	rootObject = 4BBEA61B290FE99200F6991C /* Project object */;
}
